
Microsoft Visual Studio Solution File, Format Version 12.00
# Visual Studio 15
VisualStudioVersion = 15.0.27130.2003
MinimumVisualStudioVersion = 10.0.40219.1
Project("{FAE04EC0-301F-11D3-BF4B-00C04F79EFBC}") = "AsyncAwait_Exemple_1", "AsyncAwait\AsyncAwait_Exemple_1.csproj", "{1E107DB7-4F8F-49C7-9C80-5B23EA997547}"
EndProject
Project("{FAE04EC0-301F-11D3-BF4B-00C04F79EFBC}") = "ThreadPool_Example_1", "ThreadPool_Example_1\ThreadPool_Example_1.csproj", "{8F90EBE4-8F52-49E1-9493-14362EEF5EAA}"
EndProject
Project("{FAE04EC0-301F-11D3-BF4B-00C04F79EFBC}") = "SynchronizationContext_Exemple_1", "SynchronizationContext_Exemple_1\SynchronizationContext_Exemple_1.csproj", "{2447698D-6232-4D54-982E-38F346F01B3F}"
EndProject
Project("{FAE04EC0-301F-11D3-BF4B-00C04F79EFBC}") = "AsyncAspMvc_Exemple_1", "AsyncAspMvc_Exemple_1\AsyncAspMvc_Exemple_1.csproj", "{0BB3F3EC-B423-4BB6-A06E-5D4AB9C64D1A}"
EndProject
Project("{FAE04EC0-301F-11D3-BF4B-00C04F79EFBC}") = "AsyncAwait_Exemple_1_Answer", "AsyncAwait_Exemple_1_Answer\AsyncAwait_Exemple_1_Answer.csproj", "{21E68579-E0E0-4CDD-A5C0-0B7661C587DF}"
EndProject
Global
	GlobalSection(SolutionConfigurationPlatforms) = preSolution
		Debug|Any CPU = Debug|Any CPU
		Release|Any CPU = Release|Any CPU
	EndGlobalSection
	GlobalSection(ProjectConfigurationPlatforms) = postSolution
		{1E107DB7-4F8F-49C7-9C80-5B23EA997547}.Debug|Any CPU.ActiveCfg = Debug|Any CPU
		{1E107DB7-4F8F-49C7-9C80-5B23EA997547}.Debug|Any CPU.Build.0 = Debug|Any CPU
		{1E107DB7-4F8F-49C7-9C80-5B23EA997547}.Release|Any CPU.ActiveCfg = Release|Any CPU
		{1E107DB7-4F8F-49C7-9C80-5B23EA997547}.Release|Any CPU.Build.0 = Release|Any CPU
		{8F90EBE4-8F52-49E1-9493-14362EEF5EAA}.Debug|Any CPU.ActiveCfg = Debug|Any CPU
		{8F90EBE4-8F52-49E1-9493-14362EEF5EAA}.Debug|Any CPU.Build.0 = Debug|Any CPU
		{8F90EBE4-8F52-49E1-9493-14362EEF5EAA}.Release|Any CPU.ActiveCfg = Release|Any CPU
		{8F90EBE4-8F52-49E1-9493-14362EEF5EAA}.Release|Any CPU.Build.0 = Release|Any CPU
		{2447698D-6232-4D54-982E-38F346F01B3F}.Debug|Any CPU.ActiveCfg = Debug|Any CPU
		{2447698D-6232-4D54-982E-38F346F01B3F}.Debug|Any CPU.Build.0 = Debug|Any CPU
		{2447698D-6232-4D54-982E-38F346F01B3F}.Release|Any CPU.ActiveCfg = Release|Any CPU
		{2447698D-6232-4D54-982E-38F346F01B3F}.Release|Any CPU.Build.0 = Release|Any CPU
		{0BB3F3EC-B423-4BB6-A06E-5D4AB9C64D1A}.Debug|Any CPU.ActiveCfg = Debug|Any CPU
		{0BB3F3EC-B423-4BB6-A06E-5D4AB9C64D1A}.Debug|Any CPU.Build.0 = Debug|Any CPU
		{0BB3F3EC-B423-4BB6-A06E-5D4AB9C64D1A}.Release|Any CPU.ActiveCfg = Release|Any CPU
		{0BB3F3EC-B423-4BB6-A06E-5D4AB9C64D1A}.Release|Any CPU.Build.0 = Release|Any CPU
		{21E68579-E0E0-4CDD-A5C0-0B7661C587DF}.Debug|Any CPU.ActiveCfg = Debug|Any CPU
		{21E68579-E0E0-4CDD-A5C0-0B7661C587DF}.Debug|Any CPU.Build.0 = Debug|Any CPU
		{21E68579-E0E0-4CDD-A5C0-0B7661C587DF}.Release|Any CPU.ActiveCfg = Release|Any CPU
		{21E68579-E0E0-4CDD-A5C0-0B7661C587DF}.Release|Any CPU.Build.0 = Release|Any CPU
	EndGlobalSection
	GlobalSection(SolutionProperties) = preSolution
		HideSolutionNode = FALSE
	EndGlobalSection
	GlobalSection(ExtensibilityGlobals) = postSolution
		SolutionGuid = {F340B229-2A5F-4263-8FC3-E222376B28AF}
	EndGlobalSection
EndGlobal
